
Microsoft Visual Studio Solution File, Format Version 12.00
# Visual Studio Version 16
VisualStudioVersion = 16.0.29519.87
MinimumVisualStudioVersion = 10.0.40219.1
Project("{8BC9CEB8-8B4A-11D0-8D11-00A0C91BC942}") = "dmm", "dmm\dmm.vcxproj", "{CBBF5361-132D-4B02-8076-0ECAE4B88E7E}"
EndProject
Global
	GlobalSection(SolutionConfigurationPlatforms) = preSolution
		Debug|x64 = Debug|x64
		Debug|x86 = Debug|x86
		Release|x64 = Release|x64
		Release|x86 = Release|x86
	EndGlobalSection
	GlobalSection(ProjectConfigurationPlatforms) = postSolution
		{CBBF5361-132D-4B02-8076-0ECAE4B88E7E}.Debug|x64.ActiveCfg = Debug|x64
		{CBBF5361-132D-4B02-8076-0ECAE4B88E7E}.Debug|x64.Build.0 = Debug|x64
		{CBBF5361-132D-4B02-8076-0ECAE4B88E7E}.Debug|x86.ActiveCfg = Debug|Win32
		{CBBF5361-132D-4B02-8076-0ECAE4B88E7E}.Debug|x86.Build.0 = Debug|Win32
		{CBBF5361-132D-4B02-8076-0ECAE4B88E7E}.Release|x64.ActiveCfg = Release|x64
		{CBBF5361-132D-4B02-8076-0ECAE4B88E7E}.Release|x64.Build.0 = Release|x64
		{CBBF5361-132D-4B02-8076-0ECAE4B88E7E}.Release|x86.ActiveCfg = Release|Win32
		{CBBF5361-132D-4B02-8076-0ECAE4B88E7E}.Release|x86.Build.0 = Release|Win32
	EndGlobalSection
	GlobalSection(SolutionProperties) = preSolution
		HideSolutionNode = FALSE
	EndGlobalSection
	GlobalSection(ExtensibilityGlobals) = postSolution
		SolutionGuid = {9D8FED21-94F7-4772-B300-6AB49BB05122}
	EndGlobalSection
EndGlobal
