
Microsoft Visual Studio Solution File, Format Version 12.00
# Visual Studio Version 16
VisualStudioVersion = 16.0.29519.87
MinimumVisualStudioVersion = 10.0.40219.1
Project("{8BC9CEB8-8B4A-11D0-8D11-00A0C91BC942}") = "HeapSort", "HeapSort\HeapSort.vcxproj", "{B2622F14-8A61-4BE3-90E9-AC8C67A7D499}"
EndProject
Global
	GlobalSection(SolutionConfigurationPlatforms) = preSolution
		Debug|x64 = Debug|x64
		Debug|x86 = Debug|x86
		Release|x64 = Release|x64
		Release|x86 = Release|x86
	EndGlobalSection
	GlobalSection(ProjectConfigurationPlatforms) = postSolution
		{B2622F14-8A61-4BE3-90E9-AC8C67A7D499}.Debug|x64.ActiveCfg = Debug|x64
		{B2622F14-8A61-4BE3-90E9-AC8C67A7D499}.Debug|x64.Build.0 = Debug|x64
		{B2622F14-8A61-4BE3-90E9-AC8C67A7D499}.Debug|x86.ActiveCfg = Debug|Win32
		{B2622F14-8A61-4BE3-90E9-AC8C67A7D499}.Debug|x86.Build.0 = Debug|Win32
		{B2622F14-8A61-4BE3-90E9-AC8C67A7D499}.Release|x64.ActiveCfg = Release|x64
		{B2622F14-8A61-4BE3-90E9-AC8C67A7D499}.Release|x64.Build.0 = Release|x64
		{B2622F14-8A61-4BE3-90E9-AC8C67A7D499}.Release|x86.ActiveCfg = Release|Win32
		{B2622F14-8A61-4BE3-90E9-AC8C67A7D499}.Release|x86.Build.0 = Release|Win32
	EndGlobalSection
	GlobalSection(SolutionProperties) = preSolution
		HideSolutionNode = FALSE
	EndGlobalSection
	GlobalSection(ExtensibilityGlobals) = postSolution
		SolutionGuid = {86BCBE55-24E4-4022-A6AE-F25B3E1FA4C8}
	EndGlobalSection
EndGlobal
